
Microsoft Visual Studio Solution File, Format Version 12.00
# Visual Studio 15
VisualStudioVersion = 15.0.28307.271
MinimumVisualStudioVersion = 10.0.40219.1
Project("{8BC9CEB8-8B4A-11D0-8D11-00A0C91BC942}") = "일요일", "일요일\일요일.vcxproj", "{BD70DBF3-3FF3-4124-A03C-432FE120653C}"
EndProject
Project("{8BC9CEB8-8B4A-11D0-8D11-00A0C91BC942}") = "두수판별", "두수판별\두수판별.vcxproj", "{AC4F752F-848E-401A-B74B-63F07E43BE5D}"
EndProject
Project("{8BC9CEB8-8B4A-11D0-8D11-00A0C91BC942}") = "양수음수판별", "양수음수판별\양수음수판별.vcxproj", "{02065710-5699-4CC9-8D90-FD0EBAEBBB90}"
EndProject
Project("{8BC9CEB8-8B4A-11D0-8D11-00A0C91BC942}") = "성인판별", "성인판별\성인판별.vcxproj", "{617DB536-CD09-4D5A-92A2-C717E13F0027}"
EndProject
Project("{8BC9CEB8-8B4A-11D0-8D11-00A0C91BC942}") = "많은조건", "많은조건\많은조건.vcxproj", "{39187DA3-35C4-4171-A7A5-23A2DA152D5F}"
EndProject
Project("{8BC9CEB8-8B4A-11D0-8D11-00A0C91BC942}") = "인사", "인사\인사.vcxproj", "{CC8FF159-BAB6-4046-A9C7-6ED980394538}"
EndProject
Project("{8BC9CEB8-8B4A-11D0-8D11-00A0C91BC942}") = "계절판별", "계절판별\계절판별.vcxproj", "{80F19C51-BFC0-47EF-929F-65864AD04CBB}"
EndProject
Project("{8BC9CEB8-8B4A-11D0-8D11-00A0C91BC942}") = "날짜판별", "날짜판별\날짜판별.vcxproj", "{AF5936E0-9FB8-43AA-92F8-C5F94A236B5A}"
EndProject
Project("{8BC9CEB8-8B4A-11D0-8D11-00A0C91BC942}") = "while반복", "while반복\while반복.vcxproj", "{FCC7A09B-B0EA-46FD-93BE-E0B23D0BED4D}"
EndProject
Project("{8BC9CEB8-8B4A-11D0-8D11-00A0C91BC942}") = "for반복", "for반복\for반복.vcxproj", "{AA5E74F5-7D9E-4EE1-AD33-48976C7E2D00}"
EndProject
Project("{8BC9CEB8-8B4A-11D0-8D11-00A0C91BC942}") = "시작끝합계", "시작끝합계\시작끝합계.vcxproj", "{FFA3678F-B60F-4F9A-934E-ADCAB6B145AE}"
EndProject
Project("{8BC9CEB8-8B4A-11D0-8D11-00A0C91BC942}") = "doWhile반복", "doWhile반복\doWhile반복.vcxproj", "{3F434C34-0BF1-4EF2-89E3-2F43BA295380}"
EndProject
Project("{8BC9CEB8-8B4A-11D0-8D11-00A0C91BC942}") = "while무한루프", "while무한루프\while무한루프.vcxproj", "{8649A97E-3A0B-4431-9C95-FA0F3EDCCCBA}"
EndProject
Project("{8BC9CEB8-8B4A-11D0-8D11-00A0C91BC942}") = "정답맞추기", "정답맞추기\정답맞추기.vcxproj", "{22141CFC-155D-4705-B563-6225F4BA80A7}"
EndProject
Project("{8BC9CEB8-8B4A-11D0-8D11-00A0C91BC942}") = "자동출제", "자동출제\자동출제.vcxproj", "{911F8818-A2D5-4CEE-836B-A60FC04DE335}"
EndProject
Project("{8BC9CEB8-8B4A-11D0-8D11-00A0C91BC942}") = "char입력", "char입력\char입력.vcxproj", "{B66502CA-F45B-4B04-AE99-AC162B30EE23}"
EndProject
Project("{8BC9CEB8-8B4A-11D0-8D11-00A0C91BC942}") = "switch에넣을수있는변수", "switch에넣을수있는변수\switch에넣을수있는변수.vcxproj", "{5AF14BCF-8212-4CDB-8B57-D49C0A407A18}"
EndProject
Global
	GlobalSection(SolutionConfigurationPlatforms) = preSolution
		Debug|x64 = Debug|x64
		Debug|x86 = Debug|x86
		Release|x64 = Release|x64
		Release|x86 = Release|x86
	EndGlobalSection
	GlobalSection(ProjectConfigurationPlatforms) = postSolution
		{BD70DBF3-3FF3-4124-A03C-432FE120653C}.Debug|x64.ActiveCfg = Debug|x64
		{BD70DBF3-3FF3-4124-A03C-432FE120653C}.Debug|x64.Build.0 = Debug|x64
		{BD70DBF3-3FF3-4124-A03C-432FE120653C}.Debug|x86.ActiveCfg = Debug|Win32
		{BD70DBF3-3FF3-4124-A03C-432FE120653C}.Debug|x86.Build.0 = Debug|Win32
		{BD70DBF3-3FF3-4124-A03C-432FE120653C}.Release|x64.ActiveCfg = Release|x64
		{BD70DBF3-3FF3-4124-A03C-432FE120653C}.Release|x64.Build.0 = Release|x64
		{BD70DBF3-3FF3-4124-A03C-432FE120653C}.Release|x86.ActiveCfg = Release|Win32
		{BD70DBF3-3FF3-4124-A03C-432FE120653C}.Release|x86.Build.0 = Release|Win32
		{AC4F752F-848E-401A-B74B-63F07E43BE5D}.Debug|x64.ActiveCfg = Debug|x64
		{AC4F752F-848E-401A-B74B-63F07E43BE5D}.Debug|x64.Build.0 = Debug|x64
		{AC4F752F-848E-401A-B74B-63F07E43BE5D}.Debug|x86.ActiveCfg = Debug|Win32
		{AC4F752F-848E-401A-B74B-63F07E43BE5D}.Debug|x86.Build.0 = Debug|Win32
		{AC4F752F-848E-401A-B74B-63F07E43BE5D}.Release|x64.ActiveCfg = Release|x64
		{AC4F752F-848E-401A-B74B-63F07E43BE5D}.Release|x64.Build.0 = Release|x64
		{AC4F752F-848E-401A-B74B-63F07E43BE5D}.Release|x86.ActiveCfg = Release|Win32
		{AC4F752F-848E-401A-B74B-63F07E43BE5D}.Release|x86.Build.0 = Release|Win32
		{02065710-5699-4CC9-8D90-FD0EBAEBBB90}.Debug|x64.ActiveCfg = Debug|x64
		{02065710-5699-4CC9-8D90-FD0EBAEBBB90}.Debug|x64.Build.0 = Debug|x64
		{02065710-5699-4CC9-8D90-FD0EBAEBBB90}.Debug|x86.ActiveCfg = Debug|Win32
		{02065710-5699-4CC9-8D90-FD0EBAEBBB90}.Debug|x86.Build.0 = Debug|Win32
		{02065710-5699-4CC9-8D90-FD0EBAEBBB90}.Release|x64.ActiveCfg = Release|x64
		{02065710-5699-4CC9-8D90-FD0EBAEBBB90}.Release|x64.Build.0 = Release|x64
		{02065710-5699-4CC9-8D90-FD0EBAEBBB90}.Release|x86.ActiveCfg = Release|Win32
		{02065710-5699-4CC9-8D90-FD0EBAEBBB90}.Release|x86.Build.0 = Release|Win32
		{617DB536-CD09-4D5A-92A2-C717E13F0027}.Debug|x64.ActiveCfg = Debug|x64
		{617DB536-CD09-4D5A-92A2-C717E13F0027}.Debug|x64.Build.0 = Debug|x64
		{617DB536-CD09-4D5A-92A2-C717E13F0027}.Debug|x86.ActiveCfg = Debug|Win32
		{617DB536-CD09-4D5A-92A2-C717E13F0027}.Debug|x86.Build.0 = Debug|Win32
		{617DB536-CD09-4D5A-92A2-C717E13F0027}.Release|x64.ActiveCfg = Release|x64
		{617DB536-CD09-4D5A-92A2-C717E13F0027}.Release|x64.Build.0 = Release|x64
		{617DB536-CD09-4D5A-92A2-C717E13F0027}.Release|x86.ActiveCfg = Release|Win32
		{617DB536-CD09-4D5A-92A2-C717E13F0027}.Release|x86.Build.0 = Release|Win32
		{39187DA3-35C4-4171-A7A5-23A2DA152D5F}.Debug|x64.ActiveCfg = Debug|x64
		{39187DA3-35C4-4171-A7A5-23A2DA152D5F}.Debug|x64.Build.0 = Debug|x64
		{39187DA3-35C4-4171-A7A5-23A2DA152D5F}.Debug|x86.ActiveCfg = Debug|Win32
		{39187DA3-35C4-4171-A7A5-23A2DA152D5F}.Debug|x86.Build.0 = Debug|Win32
		{39187DA3-35C4-4171-A7A5-23A2DA152D5F}.Release|x64.ActiveCfg = Release|x64
		{39187DA3-35C4-4171-A7A5-23A2DA152D5F}.Release|x64.Build.0 = Release|x64
		{39187DA3-35C4-4171-A7A5-23A2DA152D5F}.Release|x86.ActiveCfg = Release|Win32
		{39187DA3-35C4-4171-A7A5-23A2DA152D5F}.Release|x86.Build.0 = Release|Win32
		{CC8FF159-BAB6-4046-A9C7-6ED980394538}.Debug|x64.ActiveCfg = Debug|x64
		{CC8FF159-BAB6-4046-A9C7-6ED980394538}.Debug|x64.Build.0 = Debug|x64
		{CC8FF159-BAB6-4046-A9C7-6ED980394538}.Debug|x86.ActiveCfg = Debug|Win32
		{CC8FF159-BAB6-4046-A9C7-6ED980394538}.Debug|x86.Build.0 = Debug|Win32
		{CC8FF159-BAB6-4046-A9C7-6ED980394538}.Release|x64.ActiveCfg = Release|x64
		{CC8FF159-BAB6-4046-A9C7-6ED980394538}.Release|x64.Build.0 = Release|x64
		{CC8FF159-BAB6-4046-A9C7-6ED980394538}.Release|x86.ActiveCfg = Release|Win32
		{CC8FF159-BAB6-4046-A9C7-6ED980394538}.Release|x86.Build.0 = Release|Win32
		{80F19C51-BFC0-47EF-929F-65864AD04CBB}.Debug|x64.ActiveCfg = Debug|x64
		{80F19C51-BFC0-47EF-929F-65864AD04CBB}.Debug|x64.Build.0 = Debug|x64
		{80F19C51-BFC0-47EF-929F-65864AD04CBB}.Debug|x86.ActiveCfg = Debug|Win32
		{80F19C51-BFC0-47EF-929F-65864AD04CBB}.Debug|x86.Build.0 = Debug|Win32
		{80F19C51-BFC0-47EF-929F-65864AD04CBB}.Release|x64.ActiveCfg = Release|x64
		{80F19C51-BFC0-47EF-929F-65864AD04CBB}.Release|x64.Build.0 = Release|x64
		{80F19C51-BFC0-47EF-929F-65864AD04CBB}.Release|x86.ActiveCfg = Release|Win32
		{80F19C51-BFC0-47EF-929F-65864AD04CBB}.Release|x86.Build.0 = Release|Win32
		{AF5936E0-9FB8-43AA-92F8-C5F94A236B5A}.Debug|x64.ActiveCfg = Debug|x64
		{AF5936E0-9FB8-43AA-92F8-C5F94A236B5A}.Debug|x64.Build.0 = Debug|x64
		{AF5936E0-9FB8-43AA-92F8-C5F94A236B5A}.Debug|x86.ActiveCfg = Debug|Win32
		{AF5936E0-9FB8-43AA-92F8-C5F94A236B5A}.Debug|x86.Build.0 = Debug|Win32
		{AF5936E0-9FB8-43AA-92F8-C5F94A236B5A}.Release|x64.ActiveCfg = Release|x64
		{AF5936E0-9FB8-43AA-92F8-C5F94A236B5A}.Release|x64.Build.0 = Release|x64
		{AF5936E0-9FB8-43AA-92F8-C5F94A236B5A}.Release|x86.ActiveCfg = Release|Win32
		{AF5936E0-9FB8-43AA-92F8-C5F94A236B5A}.Release|x86.Build.0 = Release|Win32
		{FCC7A09B-B0EA-46FD-93BE-E0B23D0BED4D}.Debug|x64.ActiveCfg = Debug|x64
		{FCC7A09B-B0EA-46FD-93BE-E0B23D0BED4D}.Debug|x64.Build.0 = Debug|x64
		{FCC7A09B-B0EA-46FD-93BE-E0B23D0BED4D}.Debug|x86.ActiveCfg = Debug|Win32
		{FCC7A09B-B0EA-46FD-93BE-E0B23D0BED4D}.Debug|x86.Build.0 = Debug|Win32
		{FCC7A09B-B0EA-46FD-93BE-E0B23D0BED4D}.Release|x64.ActiveCfg = Release|x64
		{FCC7A09B-B0EA-46FD-93BE-E0B23D0BED4D}.Release|x64.Build.0 = Release|x64
		{FCC7A09B-B0EA-46FD-93BE-E0B23D0BED4D}.Release|x86.ActiveCfg = Release|Win32
		{FCC7A09B-B0EA-46FD-93BE-E0B23D0BED4D}.Release|x86.Build.0 = Release|Win32
		{AA5E74F5-7D9E-4EE1-AD33-48976C7E2D00}.Debug|x64.ActiveCfg = Debug|x64
		{AA5E74F5-7D9E-4EE1-AD33-48976C7E2D00}.Debug|x64.Build.0 = Debug|x64
		{AA5E74F5-7D9E-4EE1-AD33-48976C7E2D00}.Debug|x86.ActiveCfg = Debug|Win32
		{AA5E74F5-7D9E-4EE1-AD33-48976C7E2D00}.Debug|x86.Build.0 = Debug|Win32
		{AA5E74F5-7D9E-4EE1-AD33-48976C7E2D00}.Release|x64.ActiveCfg = Release|x64
		{AA5E74F5-7D9E-4EE1-AD33-48976C7E2D00}.Release|x64.Build.0 = Release|x64
		{AA5E74F5-7D9E-4EE1-AD33-48976C7E2D00}.Release|x86.ActiveCfg = Release|Win32
		{AA5E74F5-7D9E-4EE1-AD33-48976C7E2D00}.Release|x86.Build.0 = Release|Win32
		{FFA3678F-B60F-4F9A-934E-ADCAB6B145AE}.Debug|x64.ActiveCfg = Debug|x64
		{FFA3678F-B60F-4F9A-934E-ADCAB6B145AE}.Debug|x64.Build.0 = Debug|x64
		{FFA3678F-B60F-4F9A-934E-ADCAB6B145AE}.Debug|x86.ActiveCfg = Debug|Win32
		{FFA3678F-B60F-4F9A-934E-ADCAB6B145AE}.Debug|x86.Build.0 = Debug|Win32
		{FFA3678F-B60F-4F9A-934E-ADCAB6B145AE}.Release|x64.ActiveCfg = Release|x64
		{FFA3678F-B60F-4F9A-934E-ADCAB6B145AE}.Release|x64.Build.0 = Release|x64
		{FFA3678F-B60F-4F9A-934E-ADCAB6B145AE}.Release|x86.ActiveCfg = Release|Win32
		{FFA3678F-B60F-4F9A-934E-ADCAB6B145AE}.Release|x86.Build.0 = Release|Win32
		{3F434C34-0BF1-4EF2-89E3-2F43BA295380}.Debug|x64.ActiveCfg = Debug|x64
		{3F434C34-0BF1-4EF2-89E3-2F43BA295380}.Debug|x64.Build.0 = Debug|x64
		{3F434C34-0BF1-4EF2-89E3-2F43BA295380}.Debug|x86.ActiveCfg = Debug|Win32
		{3F434C34-0BF1-4EF2-89E3-2F43BA295380}.Debug|x86.Build.0 = Debug|Win32
		{3F434C34-0BF1-4EF2-89E3-2F43BA295380}.Release|x64.ActiveCfg = Release|x64
		{3F434C34-0BF1-4EF2-89E3-2F43BA295380}.Release|x64.Build.0 = Release|x64
		{3F434C34-0BF1-4EF2-89E3-2F43BA295380}.Release|x86.ActiveCfg = Release|Win32
		{3F434C34-0BF1-4EF2-89E3-2F43BA295380}.Release|x86.Build.0 = Release|Win32
		{8649A97E-3A0B-4431-9C95-FA0F3EDCCCBA}.Debug|x64.ActiveCfg = Debug|x64
		{8649A97E-3A0B-4431-9C95-FA0F3EDCCCBA}.Debug|x64.Build.0 = Debug|x64
		{8649A97E-3A0B-4431-9C95-FA0F3EDCCCBA}.Debug|x86.ActiveCfg = Debug|Win32
		{8649A97E-3A0B-4431-9C95-FA0F3EDCCCBA}.Debug|x86.Build.0 = Debug|Win32
		{8649A97E-3A0B-4431-9C95-FA0F3EDCCCBA}.Release|x64.ActiveCfg = Release|x64
		{8649A97E-3A0B-4431-9C95-FA0F3EDCCCBA}.Release|x64.Build.0 = Release|x64
		{8649A97E-3A0B-4431-9C95-FA0F3EDCCCBA}.Release|x86.ActiveCfg = Release|Win32
		{8649A97E-3A0B-4431-9C95-FA0F3EDCCCBA}.Release|x86.Build.0 = Release|Win32
		{22141CFC-155D-4705-B563-6225F4BA80A7}.Debug|x64.ActiveCfg = Debug|x64
		{22141CFC-155D-4705-B563-6225F4BA80A7}.Debug|x64.Build.0 = Debug|x64
		{22141CFC-155D-4705-B563-6225F4BA80A7}.Debug|x86.ActiveCfg = Debug|Win32
		{22141CFC-155D-4705-B563-6225F4BA80A7}.Debug|x86.Build.0 = Debug|Win32
		{22141CFC-155D-4705-B563-6225F4BA80A7}.Release|x64.ActiveCfg = Release|x64
		{22141CFC-155D-4705-B563-6225F4BA80A7}.Release|x64.Build.0 = Release|x64
		{22141CFC-155D-4705-B563-6225F4BA80A7}.Release|x86.ActiveCfg = Release|Win32
		{22141CFC-155D-4705-B563-6225F4BA80A7}.Release|x86.Build.0 = Release|Win32
		{911F8818-A2D5-4CEE-836B-A60FC04DE335}.Debug|x64.ActiveCfg = Debug|x64
		{911F8818-A2D5-4CEE-836B-A60FC04DE335}.Debug|x64.Build.0 = Debug|x64
		{911F8818-A2D5-4CEE-836B-A60FC04DE335}.Debug|x86.ActiveCfg = Debug|Win32
		{911F8818-A2D5-4CEE-836B-A60FC04DE335}.Debug|x86.Build.0 = Debug|Win32
		{911F8818-A2D5-4CEE-836B-A60FC04DE335}.Release|x64.ActiveCfg = Release|x64
		{911F8818-A2D5-4CEE-836B-A60FC04DE335}.Release|x64.Build.0 = Release|x64
		{911F8818-A2D5-4CEE-836B-A60FC04DE335}.Release|x86.ActiveCfg = Release|Win32
		{911F8818-A2D5-4CEE-836B-A60FC04DE335}.Release|x86.Build.0 = Release|Win32
		{B66502CA-F45B-4B04-AE99-AC162B30EE23}.Debug|x64.ActiveCfg = Debug|x64
		{B66502CA-F45B-4B04-AE99-AC162B30EE23}.Debug|x64.Build.0 = Debug|x64
		{B66502CA-F45B-4B04-AE99-AC162B30EE23}.Debug|x86.ActiveCfg = Debug|Win32
		{B66502CA-F45B-4B04-AE99-AC162B30EE23}.Debug|x86.Build.0 = Debug|Win32
		{B66502CA-F45B-4B04-AE99-AC162B30EE23}.Release|x64.ActiveCfg = Release|x64
		{B66502CA-F45B-4B04-AE99-AC162B30EE23}.Release|x64.Build.0 = Release|x64
		{B66502CA-F45B-4B04-AE99-AC162B30EE23}.Release|x86.ActiveCfg = Release|Win32
		{B66502CA-F45B-4B04-AE99-AC162B30EE23}.Release|x86.Build.0 = Release|Win32
		{5AF14BCF-8212-4CDB-8B57-D49C0A407A18}.Debug|x64.ActiveCfg = Debug|x64
		{5AF14BCF-8212-4CDB-8B57-D49C0A407A18}.Debug|x64.Build.0 = Debug|x64
		{5AF14BCF-8212-4CDB-8B57-D49C0A407A18}.Debug|x86.ActiveCfg = Debug|Win32
		{5AF14BCF-8212-4CDB-8B57-D49C0A407A18}.Debug|x86.Build.0 = Debug|Win32
		{5AF14BCF-8212-4CDB-8B57-D49C0A407A18}.Release|x64.ActiveCfg = Release|x64
		{5AF14BCF-8212-4CDB-8B57-D49C0A407A18}.Release|x64.Build.0 = Release|x64
		{5AF14BCF-8212-4CDB-8B57-D49C0A407A18}.Release|x86.ActiveCfg = Release|Win32
		{5AF14BCF-8212-4CDB-8B57-D49C0A407A18}.Release|x86.Build.0 = Release|Win32
	EndGlobalSection
	GlobalSection(SolutionProperties) = preSolution
		HideSolutionNode = FALSE
	EndGlobalSection
	GlobalSection(ExtensibilityGlobals) = postSolution
		SolutionGuid = {66C6B02E-D476-4E31-A598-69C17D4484D8}
	EndGlobalSection
EndGlobal
